
Microsoft Visual Studio Solution File, Format Version 12.00
# Visual Studio Version 17
VisualStudioVersion = 17.3.32929.385
MinimumVisualStudioVersion = 10.0.40219.1
Project("{8BC9CEB8-8B4A-11D0-8D11-00A0C91BC942}") = "ProgramaComercial", "ProgramaComercial.vcxproj", "{ABEF770C-E4D3-4A57-8322-54E15A671768}"
EndProject
Global
	GlobalSection(SolutionConfigurationPlatforms) = preSolution
		Debug|x64 = Debug|x64
		Debug|x86 = Debug|x86
		Release|x64 = Release|x64
		Release|x86 = Release|x86
	EndGlobalSection
	GlobalSection(ProjectConfigurationPlatforms) = postSolution
		{ABEF770C-E4D3-4A57-8322-54E15A671768}.Debug|x64.ActiveCfg = Debug|x64
		{ABEF770C-E4D3-4A57-8322-54E15A671768}.Debug|x64.Build.0 = Debug|x64
		{ABEF770C-E4D3-4A57-8322-54E15A671768}.Debug|x86.ActiveCfg = Debug|Win32
		{ABEF770C-E4D3-4A57-8322-54E15A671768}.Debug|x86.Build.0 = Debug|Win32
		{ABEF770C-E4D3-4A57-8322-54E15A671768}.Release|x64.ActiveCfg = Release|x64
		{ABEF770C-E4D3-4A57-8322-54E15A671768}.Release|x64.Build.0 = Release|x64
		{ABEF770C-E4D3-4A57-8322-54E15A671768}.Release|x86.ActiveCfg = Release|Win32
		{ABEF770C-E4D3-4A57-8322-54E15A671768}.Release|x86.Build.0 = Release|Win32
	EndGlobalSection
	GlobalSection(SolutionProperties) = preSolution
		HideSolutionNode = FALSE
	EndGlobalSection
	GlobalSection(ExtensibilityGlobals) = postSolution
		SolutionGuid = {C9689BED-9656-4232-A186-E8A27B135D59}
	EndGlobalSection
EndGlobal
